
Microsoft Visual Studio Solution File, Format Version 12.00
# Visual Studio Version 17
VisualStudioVersion = 17.7.34202.233
MinimumVisualStudioVersion = 10.0.40219.1
Project("{FAE04EC0-301F-11D3-BF4B-00C04F79EFBC}") = "AnimeDownloader", "AnimeDownloader.csproj", "{A8457893-B16D-4CF0-9BFE-FC0A84FDF9DD}"
EndProject
Global
	GlobalSection(SolutionConfigurationPlatforms) = preSolution
		Debug|Any CPU = Debug|Any CPU
		Release|Any CPU = Release|Any CPU
	EndGlobalSection
	GlobalSection(ProjectConfigurationPlatforms) = postSolution
		{A8457893-B16D-4CF0-9BFE-FC0A84FDF9DD}.Debug|Any CPU.ActiveCfg = Debug|Any CPU
		{A8457893-B16D-4CF0-9BFE-FC0A84FDF9DD}.Debug|Any CPU.Build.0 = Debug|Any CPU
		{A8457893-B16D-4CF0-9BFE-FC0A84FDF9DD}.Release|Any CPU.ActiveCfg = Release|Any CPU
		{A8457893-B16D-4CF0-9BFE-FC0A84FDF9DD}.Release|Any CPU.Build.0 = Release|Any CPU
	EndGlobalSection
	GlobalSection(SolutionProperties) = preSolution
		HideSolutionNode = FALSE
	EndGlobalSection
	GlobalSection(ExtensibilityGlobals) = postSolution
		SolutionGuid = {A7621E9F-8F81-428C-8C46-A44F989A590D}
	EndGlobalSection
EndGlobal
